
Microsoft Visual Studio Solution File, Format Version 12.00
# Visual Studio 15
Project("{FAE04EC0-301F-11D3-BF4B-00C04F79EFBC}") = "WPTank", "Assembly-CSharp.csproj", "{528BDD7E-FFF0-9F3D-02D5-273D7248A586}"
EndProject
Project("{FAE04EC0-301F-11D3-BF4B-00C04F79EFBC}") = "WPTank", "Assembly-CSharp-Editor.csproj", "{0607FCFD-48C3-3BFF-FF07-75B4FA4A298D}"
EndProject
Global
	GlobalSection(SolutionConfigurationPlatforms) = preSolution
		Debug|Any CPU = Debug|Any CPU
		Release|Any CPU = Release|Any CPU
	EndGlobalSection
	GlobalSection(ProjectConfigurationPlatforms) = postSolution
		{528BDD7E-FFF0-9F3D-02D5-273D7248A586}.Debug|Any CPU.ActiveCfg = Debug|Any CPU
		{528BDD7E-FFF0-9F3D-02D5-273D7248A586}.Debug|Any CPU.Build.0 = Debug|Any CPU
		{528BDD7E-FFF0-9F3D-02D5-273D7248A586}.Release|Any CPU.ActiveCfg = Release|Any CPU
		{528BDD7E-FFF0-9F3D-02D5-273D7248A586}.Release|Any CPU.Build.0 = Release|Any CPU
		{0607FCFD-48C3-3BFF-FF07-75B4FA4A298D}.Debug|Any CPU.ActiveCfg = Debug|Any CPU
		{0607FCFD-48C3-3BFF-FF07-75B4FA4A298D}.Debug|Any CPU.Build.0 = Debug|Any CPU
		{0607FCFD-48C3-3BFF-FF07-75B4FA4A298D}.Release|Any CPU.ActiveCfg = Release|Any CPU
		{0607FCFD-48C3-3BFF-FF07-75B4FA4A298D}.Release|Any CPU.Build.0 = Release|Any CPU
	EndGlobalSection
	GlobalSection(SolutionProperties) = preSolution
		HideSolutionNode = FALSE
	EndGlobalSection
EndGlobal
