
Microsoft Visual Studio Solution File, Format Version 11.00
# Visual Studio 2010
Project("{FAE04EC0-301F-11D3-BF4B-00C04F79EFBC}") = "WaypointsAStartFinal", "Assembly-CSharp.csproj", "{C07D98A4-0C37-80A3-7012-FC863B2824AB}"
EndProject
Project("{FAE04EC0-301F-11D3-BF4B-00C04F79EFBC}") = "WaypointsAStartFinal", "Assembly-CSharp-Editor.csproj", "{C5A5EAD4-ED63-7E7A-45BF-8B9B8FC5B15E}"
EndProject
Global
	GlobalSection(SolutionConfigurationPlatforms) = preSolution
		Debug|Any CPU = Debug|Any CPU
		Release|Any CPU = Release|Any CPU
	EndGlobalSection
	GlobalSection(ProjectConfigurationPlatforms) = postSolution
		{C07D98A4-0C37-80A3-7012-FC863B2824AB}.Debug|Any CPU.ActiveCfg = Debug|Any CPU
		{C07D98A4-0C37-80A3-7012-FC863B2824AB}.Debug|Any CPU.Build.0 = Debug|Any CPU
		{C07D98A4-0C37-80A3-7012-FC863B2824AB}.Release|Any CPU.ActiveCfg = Release|Any CPU
		{C07D98A4-0C37-80A3-7012-FC863B2824AB}.Release|Any CPU.Build.0 = Release|Any CPU
		{C5A5EAD4-ED63-7E7A-45BF-8B9B8FC5B15E}.Debug|Any CPU.ActiveCfg = Debug|Any CPU
		{C5A5EAD4-ED63-7E7A-45BF-8B9B8FC5B15E}.Debug|Any CPU.Build.0 = Debug|Any CPU
		{C5A5EAD4-ED63-7E7A-45BF-8B9B8FC5B15E}.Release|Any CPU.ActiveCfg = Release|Any CPU
		{C5A5EAD4-ED63-7E7A-45BF-8B9B8FC5B15E}.Release|Any CPU.Build.0 = Release|Any CPU
	EndGlobalSection
	GlobalSection(SolutionProperties) = preSolution
		HideSolutionNode = FALSE
	EndGlobalSection
	GlobalSection(MonoDevelopProperties) = preSolution
		StartupItem = Assembly-CSharp.csproj
	EndGlobalSection
EndGlobal
