
Microsoft Visual Studio Solution File, Format Version 11.00
# Visual Studio 2010
Project("{FAE04EC0-301F-11D3-BF4B-00C04F79EFBC}") = "WaypointsAStart", "Assembly-CSharp.csproj", "{88E57349-B6DD-5A9D-5F1F-82D4BEE7595C}"
EndProject
Project("{FAE04EC0-301F-11D3-BF4B-00C04F79EFBC}") = "WaypointsAStart", "Assembly-CSharp-Editor.csproj", "{B69131BF-474A-AEAB-E58E-3169C39BBBC8}"
EndProject
Global
	GlobalSection(SolutionConfigurationPlatforms) = preSolution
		Debug|Any CPU = Debug|Any CPU
		Release|Any CPU = Release|Any CPU
	EndGlobalSection
	GlobalSection(ProjectConfigurationPlatforms) = postSolution
		{88E57349-B6DD-5A9D-5F1F-82D4BEE7595C}.Debug|Any CPU.ActiveCfg = Debug|Any CPU
		{88E57349-B6DD-5A9D-5F1F-82D4BEE7595C}.Debug|Any CPU.Build.0 = Debug|Any CPU
		{88E57349-B6DD-5A9D-5F1F-82D4BEE7595C}.Release|Any CPU.ActiveCfg = Release|Any CPU
		{88E57349-B6DD-5A9D-5F1F-82D4BEE7595C}.Release|Any CPU.Build.0 = Release|Any CPU
		{B69131BF-474A-AEAB-E58E-3169C39BBBC8}.Debug|Any CPU.ActiveCfg = Debug|Any CPU
		{B69131BF-474A-AEAB-E58E-3169C39BBBC8}.Debug|Any CPU.Build.0 = Debug|Any CPU
		{B69131BF-474A-AEAB-E58E-3169C39BBBC8}.Release|Any CPU.ActiveCfg = Release|Any CPU
		{B69131BF-474A-AEAB-E58E-3169C39BBBC8}.Release|Any CPU.Build.0 = Release|Any CPU
	EndGlobalSection
	GlobalSection(SolutionProperties) = preSolution
		HideSolutionNode = FALSE
	EndGlobalSection
	GlobalSection(MonoDevelopProperties) = preSolution
		StartupItem = Assembly-CSharp.csproj
	EndGlobalSection
EndGlobal
